
Microsoft Visual Studio Solution File, Format Version 12.00
# Visual Studio Version 17
VisualStudioVersion = 17.14.36518.9 d17.14
MinimumVisualStudioVersion = 10.0.40219.1
Project("{FAE04EC0-301F-11D3-BF4B-00C04F79EFBC}") = "MauiAppTempoAgora", "MauiAppTempoAgora\MauiAppTempoAgora.csproj", "{B17630E1-8C53-4D1D-A623-989F1DCC3C1A}"
EndProject
Global
	GlobalSection(SolutionConfigurationPlatforms) = preSolution
		Debug|Any CPU = Debug|Any CPU
		Release|Any CPU = Release|Any CPU
	EndGlobalSection
	GlobalSection(ProjectConfigurationPlatforms) = postSolution
		{B17630E1-8C53-4D1D-A623-989F1DCC3C1A}.Debug|Any CPU.ActiveCfg = Debug|Any CPU
		{B17630E1-8C53-4D1D-A623-989F1DCC3C1A}.Debug|Any CPU.Build.0 = Debug|Any CPU
		{B17630E1-8C53-4D1D-A623-989F1DCC3C1A}.Debug|Any CPU.Deploy.0 = Debug|Any CPU
		{B17630E1-8C53-4D1D-A623-989F1DCC3C1A}.Release|Any CPU.ActiveCfg = Release|Any CPU
		{B17630E1-8C53-4D1D-A623-989F1DCC3C1A}.Release|Any CPU.Build.0 = Release|Any CPU
		{B17630E1-8C53-4D1D-A623-989F1DCC3C1A}.Release|Any CPU.Deploy.0 = Release|Any CPU
	EndGlobalSection
	GlobalSection(SolutionProperties) = preSolution
		HideSolutionNode = FALSE
	EndGlobalSection
	GlobalSection(ExtensibilityGlobals) = postSolution
		SolutionGuid = {4E1B7DBD-8AE6-49AB-B77D-2EDE3F3E481B}
	EndGlobalSection
EndGlobal
